
Microsoft Visual Studio Solution File, Format Version 12.00
# Visual Studio Version 16
VisualStudioVersion = 16.0.30114.105
MinimumVisualStudioVersion = 10.0.40219.1
Project("{FAE04EC0-301F-11D3-BF4B-00C04F79EFBC}") = "NUnitSpecflowSelenium.Test", "NUnitSpecflowSelenium\NUnitSpecflowSelenium.Test.csproj", "{B000A109-CB68-4475-AE0B-2191E045052F}"
EndProject
Global
	GlobalSection(SolutionConfigurationPlatforms) = preSolution
		Debug|Any CPU = Debug|Any CPU
		Release|Any CPU = Release|Any CPU
	EndGlobalSection
	GlobalSection(ProjectConfigurationPlatforms) = postSolution
		{B000A109-CB68-4475-AE0B-2191E045052F}.Debug|Any CPU.ActiveCfg = Debug|Any CPU
		{B000A109-CB68-4475-AE0B-2191E045052F}.Debug|Any CPU.Build.0 = Debug|Any CPU
		{B000A109-CB68-4475-AE0B-2191E045052F}.Release|Any CPU.ActiveCfg = Release|Any CPU
		{B000A109-CB68-4475-AE0B-2191E045052F}.Release|Any CPU.Build.0 = Release|Any CPU
	EndGlobalSection
	GlobalSection(SolutionProperties) = preSolution
		HideSolutionNode = FALSE
	EndGlobalSection
	GlobalSection(ExtensibilityGlobals) = postSolution
		SolutionGuid = {7FF6D032-7FB9-480F-91EA-8C971AF17D75}
	EndGlobalSection
EndGlobal
